{
  "name": "hilos-frontend",
  "version": "0.0.0",
  "lockfileVersion": 3,
  "requires": true,
  "packages": {
    "": {
      "name": "hilos-frontend",
      "version": "0.0.0",
      "workspaces": [
        "core",
        "vue"
      ]
    },
    "core": {
      "name": "@hilos/core",
      "version": "0.0.0"
    },
    "node_modules/@hilos/core": {
      "resolved": "core",
      "link": true
    },
    "node_modules/@hilos/vue": {
      "resolved": "vue",
      "link": true
    },
    "vue": {
      "name": "@hilos/vue",
      "version": "0.0.0",
      "dependencies": {
        "@hilos/core": "*"
      }
    }
  }
}
