{
    "_readme": [
        "This file locks the dependencies of your project to a known state",
        "Read more about it at https://getcomposer.org/doc/01-basic-usage.md#installing-dependencies",
        "This file is @generated automatically"
    ],
    "content-hash": "452b381188c467e9a7ab1f17d25d0791",
    "packages": [],
    "packages-dev": [],
    "aliases": [],
    "minimum-stability": "stable",
    "stability-flags": [],
    "prefer-stable": false,
    "prefer-lowest": false,
    "platform": {
        "php": "^8.1",
        "ext-sockets": "*",
        "ext-pcntl": "*",
        "ext-json": "*",
        "ext-mysqli": "*",
        "ext-openssl": "*",
        "ext-curl": "*"
    },
    "platform-dev": [],
    "plugin-api-version": "2.1.0"
}
